# This file was autogenerated by Stack.
# You should not edit this file by hand.
# For more information, please see the documentation at:
#   https://docs.haskellstack.org/en/stable/lock_files

packages:
- completed:
    hackage: cursor-0.0.0.1@sha256:51bacccfc32cf5c1e5c75ee0ceee0600a8dbac03d25b06fbc1e6e5039dadf39d,1512
    pantry-tree:
      size: 1712
      sha256: be65bf9670daf587efd9f8241f209f9a114975fc8476c45de9b2e929cc7a5e99
  original:
    hackage: cursor-0.0.0.1
- completed:
    hackage: validity-0.8.0.0@sha256:3712b48461dc58f0e1aecb7ae016c6702299a875282bb7b51e75eca2a65e8b69,2663
    pantry-tree:
      size: 399
      sha256: ff1a4e19517ad2b108e8b5c57a97f782c2ff851a757a691f6b34dbbfb21d31fe
  original:
    hackage: validity-0.8.0.0
snapshots:
- completed:
    size: 506303
    url: https://raw.githubusercontent.com/commercialhaskell/stackage-snapshots/master/lts/12/18.yaml
    sha256: 44c58c3e2bfc57455cb54ce3860847aaf69d9ee11baad238d7d0a82b7034a474
  original: lts-12.18
